{
  "name": "ProjGMYi",
  "lockfileVersion": 3,
  "requires": true,
  "packages": {
    "": {
      "dependencies": {
        "@revenuecat/purchases-capacitor": "^12.2.1",
        "@revenuecat/purchases-capacitor-ui": "^12.2.1"
      }
    },
    "node_modules/@capacitor/core": {
      "version": "8.1.0",
      "resolved": "https://registry.npmjs.org/@capacitor/core/-/core-8.1.0.tgz",
      "integrity": "sha512-UfMBMWc1v7J+14AhH03QmeNwV3HZx3qnOWhpwnHfzALEwAwlV/itQOQqcasMQYhOHWL0tiymc5ByaLTn7KKQxw==",
      "license": "MIT",
      "dependencies": {
        "tslib": "^2.1.0"
      }
    },
    "node_modules/@revenuecat/purchases-capacitor": {
      "version": "12.2.1",
      "resolved": "https://registry.npmjs.org/@revenuecat/purchases-capacitor/-/purchases-capacitor-12.2.1.tgz",
      "integrity": "sha512-J1Euf0zkmJsY90x48bvkMyChf34DJ2ChMGTJ24y49aI1MSigWSnNnOxT1egAcuYXIbo23WRPlRIBzGo3sRg7YA==",
      "license": "MIT",
      "dependencies": {
        "@revenuecat/purchases-typescript-internal-esm": "17.41.1"
      },
      "peerDependencies": {
        "@capacitor/core": ">=8.0.0"
      }
    },
    "node_modules/@revenuecat/purchases-capacitor-ui": {
      "version": "12.2.1",
      "resolved": "https://registry.npmjs.org/@revenuecat/purchases-capacitor-ui/-/purchases-capacitor-ui-12.2.1.tgz",
      "integrity": "sha512-5d5VyAU5kIwZQhBKUpt6YnroHZv4+yAz7aV2xaV1GhBHnZHjgTAIZF4g2CJi1DLlIAAVyMCmO+aS4K5+h4HXyg==",
      "license": "MIT",
      "dependencies": {
        "@capacitor/core": "^8.0.0",
        "@revenuecat/purchases-capacitor": "^10.2.4",
        "@revenuecat/purchases-typescript-internal-esm": "17.41.1"
      },
      "peerDependencies": {
        "@capacitor/core": ">=8.0.0"
      }
    },
    "node_modules/@revenuecat/purchases-capacitor-ui/node_modules/@revenuecat/purchases-capacitor": {
      "version": "10.4.0",
      "resolved": "https://registry.npmjs.org/@revenuecat/purchases-capacitor/-/purchases-capacitor-10.4.0.tgz",
      "integrity": "sha512-205im5Bs1BY8wLt+qaS0O2GTWtSHUMFc3Z8U2QaVx4EN0hHOk9gqx2bNaUEH+cOWTUPlNz9yikdiMUSTjJzwyA==",
      "license": "MIT",
      "dependencies": {
        "@revenuecat/purchases-typescript-internal-esm": "14.3.0"
      },
      "peerDependencies": {
        "@capacitor/core": ">=7.0.0"
      }
    },
    "node_modules/@revenuecat/purchases-capacitor-ui/node_modules/@revenuecat/purchases-capacitor/node_modules/@revenuecat/purchases-typescript-internal-esm": {
      "version": "14.3.0",
      "resolved": "https://registry.npmjs.org/@revenuecat/purchases-typescript-internal-esm/-/purchases-typescript-internal-esm-14.3.0.tgz",
      "integrity": "sha512-7mkuBupATfPvBw+skTE/chY6UEux9ZidTbKBOcZ/MgALKJdcww7LgSbChdyoGdQlSJXBFf1zRPzHH+RB7y+LQA==",
      "license": "MIT"
    },
    "node_modules/@revenuecat/purchases-typescript-internal-esm": {
      "version": "17.41.1",
      "resolved": "https://registry.npmjs.org/@revenuecat/purchases-typescript-internal-esm/-/purchases-typescript-internal-esm-17.41.1.tgz",
      "integrity": "sha512-GduNxWNKRL6cpQcR1Xv7KJp0JJMusjCcp+lSsAiowSkTvLTZvYRTepyIt8gqKBHWh71KDykzOkFT0Hejgx+XXQ==",
      "license": "MIT"
    },
    "node_modules/tslib": {
      "version": "2.8.1",
      "resolved": "https://registry.npmjs.org/tslib/-/tslib-2.8.1.tgz",
      "integrity": "sha512-oJFu94HQb+KVduSUQL7wnpmqnfmLsOA/nAh6b6EH0wCEoK0/mPeXU6c3wKDV83MkOuHPRHtSXKKU99IBazS/2w==",
      "license": "0BSD"
    }
  }
}
